
Microsoft Visual Studio Solution File, Format Version 12.00
# Visual Studio Version 16
VisualStudioVersion = 16.0.30114.105
MinimumVisualStudioVersion = 10.0.40219.1
Project("{2150E333-8FDC-42A3-9474-1A3956D46DE8}") = "src", "src", "{6C73C165-930E-46EC-8CC5-419D745151D3}"
EndProject
Project("{FAE04EC0-301F-11D3-BF4B-00C04F79EFBC}") = "Domain", "src\Domain\Domain.csproj", "{07D275AE-3446-4858-B516-651EC08908B5}"
EndProject
Project("{FAE04EC0-301F-11D3-BF4B-00C04F79EFBC}") = "Application", "src\Application\Application.csproj", "{845742C2-FCD6-4E71-88E1-DA616DBE56DD}"
EndProject
Project("{FAE04EC0-301F-11D3-BF4B-00C04F79EFBC}") = "Infrastructure", "src\Infrastructure\Infrastructure.csproj", "{39AAF9F6-12B8-4F6F-862F-D4498FAD7A02}"
EndProject
Project("{FAE04EC0-301F-11D3-BF4B-00C04F79EFBC}") = "WebApi", "src\WebApi\WebApi.csproj", "{8752DBE8-E150-4773-9B58-C234020F030F}"
EndProject
Global
	GlobalSection(SolutionConfigurationPlatforms) = preSolution
		Debug|Any CPU = Debug|Any CPU
		Release|Any CPU = Release|Any CPU
	EndGlobalSection
	GlobalSection(SolutionProperties) = preSolution
		HideSolutionNode = FALSE
	EndGlobalSection
	GlobalSection(ProjectConfigurationPlatforms) = postSolution
		{07D275AE-3446-4858-B516-651EC08908B5}.Debug|Any CPU.ActiveCfg = Debug|Any CPU
		{07D275AE-3446-4858-B516-651EC08908B5}.Debug|Any CPU.Build.0 = Debug|Any CPU
		{07D275AE-3446-4858-B516-651EC08908B5}.Release|Any CPU.ActiveCfg = Release|Any CPU
		{07D275AE-3446-4858-B516-651EC08908B5}.Release|Any CPU.Build.0 = Release|Any CPU
		{845742C2-FCD6-4E71-88E1-DA616DBE56DD}.Debug|Any CPU.ActiveCfg = Debug|Any CPU
		{845742C2-FCD6-4E71-88E1-DA616DBE56DD}.Debug|Any CPU.Build.0 = Debug|Any CPU
		{845742C2-FCD6-4E71-88E1-DA616DBE56DD}.Release|Any CPU.ActiveCfg = Release|Any CPU
		{845742C2-FCD6-4E71-88E1-DA616DBE56DD}.Release|Any CPU.Build.0 = Release|Any CPU
		{39AAF9F6-12B8-4F6F-862F-D4498FAD7A02}.Debug|Any CPU.ActiveCfg = Debug|Any CPU
		{39AAF9F6-12B8-4F6F-862F-D4498FAD7A02}.Debug|Any CPU.Build.0 = Debug|Any CPU
		{39AAF9F6-12B8-4F6F-862F-D4498FAD7A02}.Release|Any CPU.ActiveCfg = Release|Any CPU
		{39AAF9F6-12B8-4F6F-862F-D4498FAD7A02}.Release|Any CPU.Build.0 = Release|Any CPU
		{8752DBE8-E150-4773-9B58-C234020F030F}.Debug|Any CPU.ActiveCfg = Debug|Any CPU
		{8752DBE8-E150-4773-9B58-C234020F030F}.Debug|Any CPU.Build.0 = Debug|Any CPU
		{8752DBE8-E150-4773-9B58-C234020F030F}.Release|Any CPU.ActiveCfg = Release|Any CPU
		{8752DBE8-E150-4773-9B58-C234020F030F}.Release|Any CPU.Build.0 = Release|Any CPU
	EndGlobalSection
	GlobalSection(NestedProjects) = preSolution
		{07D275AE-3446-4858-B516-651EC08908B5} = {6C73C165-930E-46EC-8CC5-419D745151D3}
		{845742C2-FCD6-4E71-88E1-DA616DBE56DD} = {6C73C165-930E-46EC-8CC5-419D745151D3}
		{39AAF9F6-12B8-4F6F-862F-D4498FAD7A02} = {6C73C165-930E-46EC-8CC5-419D745151D3}
		{8752DBE8-E150-4773-9B58-C234020F030F} = {6C73C165-930E-46EC-8CC5-419D745151D3}
	EndGlobalSection
EndGlobal
